
Microsoft Visual Studio Solution File, Format Version 12.00
# Visual Studio Version 17
VisualStudioVersion = 17.8.34525.116
MinimumVisualStudioVersion = 10.0.40219.1
Project("{FAE04EC0-301F-11D3-BF4B-00C04F79EFBC}") = "DesSis13funcaoSoma", "DesSis13funcaoSoma\DesSis13funcaoSoma.csproj", "{0A09283E-ABBA-450A-A61A-90098FDEF87E}"
EndProject
Global
	GlobalSection(SolutionConfigurationPlatforms) = preSolution
		Debug|Any CPU = Debug|Any CPU
		Release|Any CPU = Release|Any CPU
	EndGlobalSection
	GlobalSection(ProjectConfigurationPlatforms) = postSolution
		{0A09283E-ABBA-450A-A61A-90098FDEF87E}.Debug|Any CPU.ActiveCfg = Debug|Any CPU
		{0A09283E-ABBA-450A-A61A-90098FDEF87E}.Debug|Any CPU.Build.0 = Debug|Any CPU
		{0A09283E-ABBA-450A-A61A-90098FDEF87E}.Release|Any CPU.ActiveCfg = Release|Any CPU
		{0A09283E-ABBA-450A-A61A-90098FDEF87E}.Release|Any CPU.Build.0 = Release|Any CPU
	EndGlobalSection
	GlobalSection(SolutionProperties) = preSolution
		HideSolutionNode = FALSE
	EndGlobalSection
	GlobalSection(ExtensibilityGlobals) = postSolution
		SolutionGuid = {3B134329-C3DB-4824-981C-9989D95FD2A8}
	EndGlobalSection
EndGlobal
